
Microsoft Visual Studio Solution File, Format Version 12.00
# Visual Studio Version 17
VisualStudioVersion = 17.0.31919.166
MinimumVisualStudioVersion = 10.0.40219.1
Project("{FAE04EC0-301F-11D3-BF4B-00C04F79EFBC}") = "Av30_PalavrasCruzadas", "Av30_PalavrasCruzadas\Av30_PalavrasCruzadas.csproj", "{B08FFA56-DABF-4036-B7CA-2C48577FCA34}"
EndProject
Global
	GlobalSection(SolutionConfigurationPlatforms) = preSolution
		Debug|Any CPU = Debug|Any CPU
		Release|Any CPU = Release|Any CPU
	EndGlobalSection
	GlobalSection(ProjectConfigurationPlatforms) = postSolution
		{B08FFA56-DABF-4036-B7CA-2C48577FCA34}.Debug|Any CPU.ActiveCfg = Debug|Any CPU
		{B08FFA56-DABF-4036-B7CA-2C48577FCA34}.Debug|Any CPU.Build.0 = Debug|Any CPU
		{B08FFA56-DABF-4036-B7CA-2C48577FCA34}.Release|Any CPU.ActiveCfg = Release|Any CPU
		{B08FFA56-DABF-4036-B7CA-2C48577FCA34}.Release|Any CPU.Build.0 = Release|Any CPU
	EndGlobalSection
	GlobalSection(SolutionProperties) = preSolution
		HideSolutionNode = FALSE
	EndGlobalSection
	GlobalSection(ExtensibilityGlobals) = postSolution
		SolutionGuid = {DD2F628C-0D2F-4096-BFE0-FA0989672AC3}
	EndGlobalSection
EndGlobal
